// !$*UTF8*$!
{
	archiveVersion = 1;
	classes = {
	};
	objectVersion = 56;
	objects = {

/* Begin PBXBuildFile section */
		7860C4282A0D30CC00C6DD25 /* WrappingStack in Frameworks */ = {isa = PBXBuildFile; productRef = 7860C4272A0D30CC00C6DD25 /* WrappingStack */; };
		B90A37A02B9C159500E10665 /* README.md in Resources */ = {isa = PBXBuildFile; fileRef = B90A379F2B9C159500E10665 /* README.md */; };
		B91882C92B970AA200CBB0C8 /* CreateDatasetView.swift in Sources */ = {isa = PBXBuildFile; fileRef = B91882C82B970AA200CBB0C8 /* CreateDatasetView.swift */; };
		B91882CD2B987BAF00CBB0C8 /* LocalizedAlertError.swift in Sources */ = {isa = PBXBuildFile; fileRef = B91882CC2B987BAF00CBB0C8 /* LocalizedAlertError.swift */; };
		B9709BCF2B96F5F100917DAF /* LabelViews.swift in Sources */ = {isa = PBXBuildFile; fileRef = B9709BCE2B96F5F100917DAF /* LabelViews.swift */; };
		B99668AB2B12DB5700EF9BA2 /* CreateView.swift in Sources */ = {isa = PBXBuildFile; fileRef = B99668A22B12DB5700EF9BA2 /* CreateView.swift */; };
		B99668AC2B12DB5700EF9BA2 /* DataTaggerApp.swift in Sources */ = {isa = PBXBuildFile; fileRef = B99668A32B12DB5700EF9BA2 /* DataTaggerApp.swift */; };
		B99668AD2B12DB5700EF9BA2 /* Assets.xcassets in Resources */ = {isa = PBXBuildFile; fileRef = B99668A42B12DB5700EF9BA2 /* Assets.xcassets */; };
		B99668AE2B12DB5700EF9BA2 /* Preview Assets.xcassets in Resources */ = {isa = PBXBuildFile; fileRef = B99668A62B12DB5700EF9BA2 /* Preview Assets.xcassets */; };
		B99668AF2B12DB5700EF9BA2 /* ContentView.swift in Sources */ = {isa = PBXBuildFile; fileRef = B99668A82B12DB5700EF9BA2 /* ContentView.swift */; };
		B99668B02B12DB5700EF9BA2 /* Info.plist in Resources */ = {isa = PBXBuildFile; fileRef = B99668A92B12DB5700EF9BA2 /* Info.plist */; };
		B99668B12B12DB5700EF9BA2 /* DatataggerDocument.swift in Sources */ = {isa = PBXBuildFile; fileRef = B99668AA2B12DB5700EF9BA2 /* DatataggerDocument.swift */; };
		B9D7D2522B988079009719CA /* WelcomeView.swift in Sources */ = {isa = PBXBuildFile; fileRef = B9D7D2512B988079009719CA /* WelcomeView.swift */; };
/* End PBXBuildFile section */

/* Begin PBXFileReference section */
		7860C3F62A0D141100C6DD25 /* AnnotateEase.app */ = {isa = PBXFileReference; explicitFileType = wrapper.application; includeInIndex = 0; path = AnnotateEase.app; sourceTree = BUILT_PRODUCTS_DIR; };
		B90A379F2B9C159500E10665 /* README.md */ = {isa = PBXFileReference; fileEncoding = 4; lastKnownFileType = net.daringfireball.markdown; path = README.md; sourceTree = "<group>"; };
		B91882C82B970AA200CBB0C8 /* CreateDatasetView.swift */ = {isa = PBXFileReference; lastKnownFileType = sourcecode.swift; path = CreateDatasetView.swift; sourceTree = "<group>"; };
		B91882CC2B987BAF00CBB0C8 /* LocalizedAlertError.swift */ = {isa = PBXFileReference; lastKnownFileType = sourcecode.swift; path = LocalizedAlertError.swift; sourceTree = "<group>"; };
		B9709BCE2B96F5F100917DAF /* LabelViews.swift */ = {isa = PBXFileReference; lastKnownFileType = sourcecode.swift; path = LabelViews.swift; sourceTree = "<group>"; };
		B99668A22B12DB5700EF9BA2 /* CreateView.swift */ = {isa = PBXFileReference; fileEncoding = 4; lastKnownFileType = sourcecode.swift; path = CreateView.swift; sourceTree = "<group>"; };
		B99668A32B12DB5700EF9BA2 /* DataTaggerApp.swift */ = {isa = PBXFileReference; fileEncoding = 4; lastKnownFileType = sourcecode.swift; path = DataTaggerApp.swift; sourceTree = "<group>"; };
		B99668A42B12DB5700EF9BA2 /* Assets.xcassets */ = {isa = PBXFileReference; lastKnownFileType = folder.assetcatalog; path = Assets.xcassets; sourceTree = "<group>"; };
		B99668A62B12DB5700EF9BA2 /* Preview Assets.xcassets */ = {isa = PBXFileReference; lastKnownFileType = folder.assetcatalog; path = "Preview Assets.xcassets"; sourceTree = "<group>"; };
		B99668A72B12DB5700EF9BA2 /* AnnotateEase.entitlements */ = {isa = PBXFileReference; fileEncoding = 4; lastKnownFileType = text.plist.entitlements; path = AnnotateEase.entitlements; sourceTree = "<group>"; };
		B99668A82B12DB5700EF9BA2 /* ContentView.swift */ = {isa = PBXFileReference; fileEncoding = 4; lastKnownFileType = sourcecode.swift; path = ContentView.swift; sourceTree = "<group>"; };
		B99668A92B12DB5700EF9BA2 /* Info.plist */ = {isa = PBXFileReference; fileEncoding = 4; lastKnownFileType = text.plist.xml; path = Info.plist; sourceTree = "<group>"; };
		B99668AA2B12DB5700EF9BA2 /* DatataggerDocument.swift */ = {isa = PBXFileReference; fileEncoding = 4; lastKnownFileType = sourcecode.swift; path = DatataggerDocument.swift; sourceTree = "<group>"; };
		B9D7D2512B988079009719CA /* WelcomeView.swift */ = {isa = PBXFileReference; lastKnownFileType = sourcecode.swift; path = WelcomeView.swift; sourceTree = "<group>"; };
/* End PBXFileReference section */

/* Begin PBXFrameworksBuildPhase section */
		7860C3F32A0D141100C6DD25 /* Frameworks */ = {
			isa = PBXFrameworksBuildPhase;
			buildActionMask = 2147483647;
			files = (
				7860C4282A0D30CC00C6DD25 /* WrappingStack in Frameworks */,
			);
			runOnlyForDeploymentPostprocessing = 0;
		};
/* End PBXFrameworksBuildPhase section */

/* Begin PBXGroup section */
		7860C3ED2A0D141100C6DD25 = {
			isa = PBXGroup;
			children = (
				B90A379F2B9C159500E10665 /* README.md */,
				B99668A12B12DB5700EF9BA2 /* AnnotateEase */,
				7860C3F72A0D141100C6DD25 /* Products */,
				7860C4292A0D30EC00C6DD25 /* Frameworks */,
			);
			sourceTree = "<group>";
		};
		7860C3F72A0D141100C6DD25 /* Products */ = {
			isa = PBXGroup;
			children = (
				7860C3F62A0D141100C6DD25 /* AnnotateEase.app */,
			);
			name = Products;
			sourceTree = "<group>";
		};
		7860C4292A0D30EC00C6DD25 /* Frameworks */ = {
			isa = PBXGroup;
			children = (
			);
			name = Frameworks;
			sourceTree = "<group>";
		};
		B91882CA2B987B5100CBB0C8 /* Base */ = {
			isa = PBXGroup;
			children = (
				B91882CE2B987BB500CBB0C8 /* Extensions */,
			);
			path = Base;
			sourceTree = "<group>";
		};
		B91882CB2B987B6500CBB0C8 /* Errors */ = {
			isa = PBXGroup;
			children = (
				B91882CC2B987BAF00CBB0C8 /* LocalizedAlertError.swift */,
			);
			path = Errors;
			sourceTree = "<group>";
		};
		B91882CE2B987BB500CBB0C8 /* Extensions */ = {
			isa = PBXGroup;
			children = (
				B91882CB2B987B6500CBB0C8 /* Errors */,
			);
			path = Extensions;
			sourceTree = "<group>";
		};
		B91882CF2B987C7B00CBB0C8 /* Project */ = {
			isa = PBXGroup;
			children = (
				B99668AA2B12DB5700EF9BA2 /* DatataggerDocument.swift */,
				B99668A82B12DB5700EF9BA2 /* ContentView.swift */,
				B99668A22B12DB5700EF9BA2 /* CreateView.swift */,
				B9D7D2512B988079009719CA /* WelcomeView.swift */,
			);
			path = Project;
			sourceTree = "<group>";
		};
		B91882D02B987D2400CBB0C8 /* Dateset */ = {
			isa = PBXGroup;
			children = (
				B91882C82B970AA200CBB0C8 /* CreateDatasetView.swift */,
			);
			path = Dateset;
			sourceTree = "<group>";
		};
		B9709BCC2B96ECD900917DAF /* Label */ = {
			isa = PBXGroup;
			children = (
				B9709BCE2B96F5F100917DAF /* LabelViews.swift */,
			);
			path = Label;
			sourceTree = "<group>";
		};
		B9709BCD2B96ECE200917DAF /* Document */ = {
			isa = PBXGroup;
			children = (
				B91882D02B987D2400CBB0C8 /* Dateset */,
				B91882CF2B987C7B00CBB0C8 /* Project */,
				B9709BCC2B96ECD900917DAF /* Label */,
			);
			path = Document;
			sourceTree = "<group>";
		};
		B99668A12B12DB5700EF9BA2 /* AnnotateEase */ = {
			isa = PBXGroup;
			children = (
				B91882CA2B987B5100CBB0C8 /* Base */,
				B9709BCD2B96ECE200917DAF /* Document */,
				B99668A32B12DB5700EF9BA2 /* DataTaggerApp.swift */,
				B99668A42B12DB5700EF9BA2 /* Assets.xcassets */,
				B99668A52B12DB5700EF9BA2 /* Preview Content */,
				B99668A72B12DB5700EF9BA2 /* AnnotateEase.entitlements */,
				B99668A92B12DB5700EF9BA2 /* Info.plist */,
			);
			path = AnnotateEase;
			sourceTree = "<group>";
		};
		B99668A52B12DB5700EF9BA2 /* Preview Content */ = {
			isa = PBXGroup;
			children = (
				B99668A62B12DB5700EF9BA2 /* Preview Assets.xcassets */,
			);
			path = "Preview Content";
			sourceTree = "<group>";
		};
/* End PBXGroup section */

/* Begin PBXNativeTarget section */
		7860C3F52A0D141100C6DD25 /* AnnotateEase */ = {
			isa = PBXNativeTarget;
			buildConfigurationList = 7860C41B2A0D141300C6DD25 /* Build configuration list for PBXNativeTarget "AnnotateEase" */;
			buildPhases = (
				7860C3F22A0D141100C6DD25 /* Sources */,
				7860C3F32A0D141100C6DD25 /* Frameworks */,
				7860C3F42A0D141100C6DD25 /* Resources */,
			);
			buildRules = (
			);
			dependencies = (
			);
			name = AnnotateEase;
			packageProductDependencies = (
				7860C4272A0D30CC00C6DD25 /* WrappingStack */,
			);
			productName = DataTagger;
			productReference = 7860C3F62A0D141100C6DD25 /* AnnotateEase.app */;
			productType = "com.apple.product-type.application";
		};
/* End PBXNativeTarget section */

/* Begin PBXProject section */
		7860C3EE2A0D141100C6DD25 /* Project object */ = {
			isa = PBXProject;
			attributes = {
				BuildIndependentTargetsInParallel = 1;
				LastSwiftUpdateCheck = 1430;
				LastUpgradeCheck = 1430;
				ORGANIZATIONNAME = Julian.Song;
				TargetAttributes = {
					7860C3F52A0D141100C6DD25 = {
						CreatedOnToolsVersion = 14.3;
					};
				};
			};
			buildConfigurationList = 7860C3F12A0D141100C6DD25 /* Build configuration list for PBXProject "AnnotateEase" */;
			compatibilityVersion = "Xcode 14.0";
			developmentRegion = en;
			hasScannedForEncodings = 0;
			knownRegions = (
				en,
				Base,
			);
			mainGroup = 7860C3ED2A0D141100C6DD25;
			packageReferences = (
				7860C4262A0D30CC00C6DD25 /* XCRemoteSwiftPackageReference "swiftui-wrapping-stack" */,
			);
			productRefGroup = 7860C3F72A0D141100C6DD25 /* Products */;
			projectDirPath = "";
			projectRoot = "";
			targets = (
				7860C3F52A0D141100C6DD25 /* AnnotateEase */,
			);
		};
/* End PBXProject section */

/* Begin PBXResourcesBuildPhase section */
		7860C3F42A0D141100C6DD25 /* Resources */ = {
			isa = PBXResourcesBuildPhase;
			buildActionMask = 2147483647;
			files = (
				B99668AE2B12DB5700EF9BA2 /* Preview Assets.xcassets in Resources */,
				B99668AD2B12DB5700EF9BA2 /* Assets.xcassets in Resources */,
				B90A37A02B9C159500E10665 /* README.md in Resources */,
				B99668B02B12DB5700EF9BA2 /* Info.plist in Resources */,
			);
			runOnlyForDeploymentPostprocessing = 0;
		};
/* End PBXResourcesBuildPhase section */

/* Begin PBXSourcesBuildPhase section */
		7860C3F22A0D141100C6DD25 /* Sources */ = {
			isa = PBXSourcesBuildPhase;
			buildActionMask = 2147483647;
			files = (
				B99668AB2B12DB5700EF9BA2 /* CreateView.swift in Sources */,
				B99668AC2B12DB5700EF9BA2 /* DataTaggerApp.swift in Sources */,
				B99668B12B12DB5700EF9BA2 /* DatataggerDocument.swift in Sources */,
				B91882C92B970AA200CBB0C8 /* CreateDatasetView.swift in Sources */,
				B91882CD2B987BAF00CBB0C8 /* LocalizedAlertError.swift in Sources */,
				B9D7D2522B988079009719CA /* WelcomeView.swift in Sources */,
				B99668AF2B12DB5700EF9BA2 /* ContentView.swift in Sources */,
				B9709BCF2B96F5F100917DAF /* LabelViews.swift in Sources */,
			);
			runOnlyForDeploymentPostprocessing = 0;
		};
/* End PBXSourcesBuildPhase section */

/* Begin XCBuildConfiguration section */
		7860C4192A0D141300C6DD25 /* Debug */ = {
			isa = XCBuildConfiguration;
			buildSettings = {
				ALWAYS_SEARCH_USER_PATHS = NO;
				CLANG_ANALYZER_NONNULL = YES;
				CLANG_ANALYZER_NUMBER_OBJECT_CONVERSION = YES_AGGRESSIVE;
				CLANG_CXX_LANGUAGE_STANDARD = "gnu++20";
				CLANG_ENABLE_MODULES = YES;
				CLANG_ENABLE_OBJC_ARC = YES;
				CLANG_ENABLE_OBJC_WEAK = YES;
				CLANG_WARN_BLOCK_CAPTURE_AUTORELEASING = YES;
				CLANG_WARN_BOOL_CONVERSION = YES;
				CLANG_WARN_COMMA = YES;
				CLANG_WARN_CONSTANT_CONVERSION = YES;
				CLANG_WARN_DEPRECATED_OBJC_IMPLEMENTATIONS = YES;
				CLANG_WARN_DIRECT_OBJC_ISA_USAGE = YES_ERROR;
				CLANG_WARN_DOCUMENTATION_COMMENTS = YES;
				CLANG_WARN_EMPTY_BODY = YES;
				CLANG_WARN_ENUM_CONVERSION = YES;
				CLANG_WARN_INFINITE_RECURSION = YES;
				CLANG_WARN_INT_CONVERSION = YES;
				CLANG_WARN_NON_LITERAL_NULL_CONVERSION = YES;
				CLANG_WARN_OBJC_IMPLICIT_RETAIN_SELF = YES;
				CLANG_WARN_OBJC_LITERAL_CONVERSION = YES;
				CLANG_WARN_OBJC_ROOT_CLASS = YES_ERROR;
				CLANG_WARN_QUOTED_INCLUDE_IN_FRAMEWORK_HEADER = YES;
				CLANG_WARN_RANGE_LOOP_ANALYSIS = YES;
				CLANG_WARN_STRICT_PROTOTYPES = YES;
				CLANG_WARN_SUSPICIOUS_MOVE = YES;
				CLANG_WARN_UNGUARDED_AVAILABILITY = YES_AGGRESSIVE;
				CLANG_WARN_UNREACHABLE_CODE = YES;
				CLANG_WARN__DUPLICATE_METHOD_MATCH = YES;
				COPY_PHASE_STRIP = NO;
				DEBUG_INFORMATION_FORMAT = dwarf;
				ENABLE_STRICT_OBJC_MSGSEND = YES;
				ENABLE_TESTABILITY = YES;
				GCC_C_LANGUAGE_STANDARD = gnu11;
				GCC_DYNAMIC_NO_PIC = NO;
				GCC_NO_COMMON_BLOCKS = YES;
				GCC_OPTIMIZATION_LEVEL = 0;
				GCC_PREPROCESSOR_DEFINITIONS = (
					"DEBUG=1",
					"$(inherited)",
				);
				GCC_WARN_64_TO_32_BIT_CONVERSION = YES;
				GCC_WARN_ABOUT_RETURN_TYPE = YES_ERROR;
				GCC_WARN_UNDECLARED_SELECTOR = YES;
				GCC_WARN_UNINITIALIZED_AUTOS = YES_AGGRESSIVE;
				GCC_WARN_UNUSED_FUNCTION = YES;
				GCC_WARN_UNUSED_VARIABLE = YES;
				MACOSX_DEPLOYMENT_TARGET = 13.2;
				MTL_ENABLE_DEBUG_INFO = INCLUDE_SOURCE;
				MTL_FAST_MATH = YES;
				ONLY_ACTIVE_ARCH = YES;
				SDKROOT = macosx;
				SWIFT_ACTIVE_COMPILATION_CONDITIONS = DEBUG;
				SWIFT_OPTIMIZATION_LEVEL = "-Onone";
			};
			name = Debug;
		};
		7860C41A2A0D141300C6DD25 /* Release */ = {
			isa = XCBuildConfiguration;
			buildSettings = {
				ALWAYS_SEARCH_USER_PATHS = NO;
				CLANG_ANALYZER_NONNULL = YES;
				CLANG_ANALYZER_NUMBER_OBJECT_CONVERSION = YES_AGGRESSIVE;
				CLANG_CXX_LANGUAGE_STANDARD = "gnu++20";
				CLANG_ENABLE_MODULES = YES;
				CLANG_ENABLE_OBJC_ARC = YES;
				CLANG_ENABLE_OBJC_WEAK = YES;
				CLANG_WARN_BLOCK_CAPTURE_AUTORELEASING = YES;
				CLANG_WARN_BOOL_CONVERSION = YES;
				CLANG_WARN_COMMA = YES;
				CLANG_WARN_CONSTANT_CONVERSION = YES;
				CLANG_WARN_DEPRECATED_OBJC_IMPLEMENTATIONS = YES;
				CLANG_WARN_DIRECT_OBJC_ISA_USAGE = YES_ERROR;
				CLANG_WARN_DOCUMENTATION_COMMENTS = YES;
				CLANG_WARN_EMPTY_BODY = YES;
				CLANG_WARN_ENUM_CONVERSION = YES;
				CLANG_WARN_INFINITE_RECURSION = YES;
				CLANG_WARN_INT_CONVERSION = YES;
				CLANG_WARN_NON_LITERAL_NULL_CONVERSION = YES;
				CLANG_WARN_OBJC_IMPLICIT_RETAIN_SELF = YES;
				CLANG_WARN_OBJC_LITERAL_CONVERSION = YES;
				CLANG_WARN_OBJC_ROOT_CLASS = YES_ERROR;
				CLANG_WARN_QUOTED_INCLUDE_IN_FRAMEWORK_HEADER = YES;
				CLANG_WARN_RANGE_LOOP_ANALYSIS = YES;
				CLANG_WARN_STRICT_PROTOTYPES = YES;
				CLANG_WARN_SUSPICIOUS_MOVE = YES;
				CLANG_WARN_UNGUARDED_AVAILABILITY = YES_AGGRESSIVE;
				CLANG_WARN_UNREACHABLE_CODE = YES;
				CLANG_WARN__DUPLICATE_METHOD_MATCH = YES;
				COPY_PHASE_STRIP = NO;
				DEBUG_INFORMATION_FORMAT = "dwarf-with-dsym";
				ENABLE_NS_ASSERTIONS = NO;
				ENABLE_STRICT_OBJC_MSGSEND = YES;
				GCC_C_LANGUAGE_STANDARD = gnu11;
				GCC_NO_COMMON_BLOCKS = YES;
				GCC_WARN_64_TO_32_BIT_CONVERSION = YES;
				GCC_WARN_ABOUT_RETURN_TYPE = YES_ERROR;
				GCC_WARN_UNDECLARED_SELECTOR = YES;
				GCC_WARN_UNINITIALIZED_AUTOS = YES_AGGRESSIVE;
				GCC_WARN_UNUSED_FUNCTION = YES;
				GCC_WARN_UNUSED_VARIABLE = YES;
				MACOSX_DEPLOYMENT_TARGET = 13.2;
				MTL_ENABLE_DEBUG_INFO = NO;
				MTL_FAST_MATH = YES;
				SDKROOT = macosx;
				SWIFT_COMPILATION_MODE = wholemodule;
				SWIFT_OPTIMIZATION_LEVEL = "-O";
			};
			name = Release;
		};
		7860C41C2A0D141300C6DD25 /* Debug */ = {
			isa = XCBuildConfiguration;
			buildSettings = {
				ASSETCATALOG_COMPILER_APPICON_NAME = AppIcon;
				ASSETCATALOG_COMPILER_GLOBAL_ACCENT_COLOR_NAME = AccentColor;
				CODE_SIGN_ENTITLEMENTS = AnnotateEase/AnnotateEase.entitlements;
				"CODE_SIGN_IDENTITY[sdk=macosx*]" = "Apple Development";
				CODE_SIGN_STYLE = Automatic;
				COMBINE_HIDPI_IMAGES = YES;
				CURRENT_PROJECT_VERSION = 2;
				DEVELOPMENT_ASSET_PATHS = "\"AnnotateEase/Preview Content\"";
				DEVELOPMENT_TEAM = 555BPZM993;
				ENABLE_HARDENED_RUNTIME = YES;
				ENABLE_PREVIEWS = YES;
				GENERATE_INFOPLIST_FILE = YES;
				INFOPLIST_FILE = AnnotateEase/Info.plist;
				INFOPLIST_KEY_CFBundleDisplayName = AnnotateEase;
				INFOPLIST_KEY_LSApplicationCategoryType = "public.app-category.developer-tools";
				INFOPLIST_KEY_NSHumanReadableCopyright = "";
				LD_RUNPATH_SEARCH_PATHS = (
					"$(inherited)",
					"@executable_path/../Frameworks",
				);
				MACOSX_DEPLOYMENT_TARGET = 14.0;
				MARKETING_VERSION = 1.0.1;
				PRODUCT_BUNDLE_IDENTIFIER = studio.peachtree.annotateease;
				PRODUCT_NAME = "$(TARGET_NAME)";
				SWIFT_EMIT_LOC_STRINGS = YES;
				SWIFT_VERSION = 5.0;
			};
			name = Debug;
		};
		7860C41D2A0D141300C6DD25 /* Release */ = {
			isa = XCBuildConfiguration;
			buildSettings = {
				ASSETCATALOG_COMPILER_APPICON_NAME = AppIcon;
				ASSETCATALOG_COMPILER_GLOBAL_ACCENT_COLOR_NAME = AccentColor;
				CODE_SIGN_ENTITLEMENTS = AnnotateEase/AnnotateEase.entitlements;
				"CODE_SIGN_IDENTITY[sdk=macosx*]" = "Apple Development";
				CODE_SIGN_STYLE = Automatic;
				COMBINE_HIDPI_IMAGES = YES;
				CURRENT_PROJECT_VERSION = 2;
				DEVELOPMENT_ASSET_PATHS = "\"AnnotateEase/Preview Content\"";
				DEVELOPMENT_TEAM = 555BPZM993;
				ENABLE_HARDENED_RUNTIME = YES;
				ENABLE_PREVIEWS = YES;
				GENERATE_INFOPLIST_FILE = YES;
				INFOPLIST_FILE = AnnotateEase/Info.plist;
				INFOPLIST_KEY_CFBundleDisplayName = AnnotateEase;
				INFOPLIST_KEY_LSApplicationCategoryType = "public.app-category.developer-tools";
				INFOPLIST_KEY_NSHumanReadableCopyright = "";
				LD_RUNPATH_SEARCH_PATHS = (
					"$(inherited)",
					"@executable_path/../Frameworks",
				);
				MACOSX_DEPLOYMENT_TARGET = 14.0;
				MARKETING_VERSION = 1.0.1;
				PRODUCT_BUNDLE_IDENTIFIER = studio.peachtree.annotateease;
				PRODUCT_NAME = "$(TARGET_NAME)";
				SWIFT_EMIT_LOC_STRINGS = YES;
				SWIFT_VERSION = 5.0;
			};
			name = Release;
		};
/* End XCBuildConfiguration section */

/* Begin XCConfigurationList section */
		7860C3F12A0D141100C6DD25 /* Build configuration list for PBXProject "AnnotateEase" */ = {
			isa = XCConfigurationList;
			buildConfigurations = (
				7860C4192A0D141300C6DD25 /* Debug */,
				7860C41A2A0D141300C6DD25 /* Release */,
			);
			defaultConfigurationIsVisible = 0;
			defaultConfigurationName = Release;
		};
		7860C41B2A0D141300C6DD25 /* Build configuration list for PBXNativeTarget "AnnotateEase" */ = {
			isa = XCConfigurationList;
			buildConfigurations = (
				7860C41C2A0D141300C6DD25 /* Debug */,
				7860C41D2A0D141300C6DD25 /* Release */,
			);
			defaultConfigurationIsVisible = 0;
			defaultConfigurationName = Release;
		};
/* End XCConfigurationList section */

/* Begin XCRemoteSwiftPackageReference section */
		7860C4262A0D30CC00C6DD25 /* XCRemoteSwiftPackageReference "swiftui-wrapping-stack" */ = {
			isa = XCRemoteSwiftPackageReference;
			repositoryURL = "https://github.com/diniska/swiftui-wrapping-stack";
			requirement = {
				kind = upToNextMajorVersion;
				minimumVersion = 1.0.0;
			};
		};
/* End XCRemoteSwiftPackageReference section */

/* Begin XCSwiftPackageProductDependency section */
		7860C4272A0D30CC00C6DD25 /* WrappingStack */ = {
			isa = XCSwiftPackageProductDependency;
			package = 7860C4262A0D30CC00C6DD25 /* XCRemoteSwiftPackageReference "swiftui-wrapping-stack" */;
			productName = WrappingStack;
		};
/* End XCSwiftPackageProductDependency section */
	};
	rootObject = 7860C3EE2A0D141100C6DD25 /* Project object */;
}
