{
  "pins" : [
    {
      "identity" : "swiftui-wrapping-stack",
      "kind" : "remoteSourceControl",
      "location" : "https://github.com/diniska/swiftui-wrapping-stack",
      "state" : {
        "revision" : "1e6b0fffe902cf3ffc102af5e7c0c4767cbc09e0",
        "version" : "1.1.0"
      }
    }
  ],
  "version" : 2
}
